// !$*UTF8*$!
{
	archiveVersion = 1;
	classes = {
	};
	objectVersion = 46;
	objects = {

/* Begin PBXBuildFile section */
		8EB2A3151CBF5C190023D24C /* AppDelegate.swift in Sources */ = {isa = PBXBuildFile; fileRef = 8EB2A3141CBF5C190023D24C /* AppDelegate.swift */; };
		8EB2A3171CBF5C190023D24C /* ViewController.swift in Sources */ = {isa = PBXBuildFile; fileRef = 8EB2A3161CBF5C190023D24C /* ViewController.swift */; };
		8EB2A31A1CBF5C190023D24C /* Main.storyboard in Resources */ = {isa = PBXBuildFile; fileRef = 8EB2A3181CBF5C190023D24C /* Main.storyboard */; };
		8EB2A31C1CBF5C190023D24C /* Assets.xcassets in Resources */ = {isa = PBXBuildFile; fileRef = 8EB2A31B1CBF5C190023D24C /* Assets.xcassets */; };
		8EB2A31F1CBF5C190023D24C /* LaunchScreen.storyboard in Resources */ = {isa = PBXBuildFile; fileRef = 8EB2A31D1CBF5C190023D24C /* LaunchScreen.storyboard */; };
		8EB2A3271CBF75EC0023D24C /* Player.swift in Sources */ = {isa = PBXBuildFile; fileRef = 8EB2A3261CBF75EC0023D24C /* Player.swift */; };
/* End PBXBuildFile section */

/* Begin PBXFileReference section */
		8EB2A3111CBF5C190023D24C /* simpleRPG2.app */ = {isa = PBXFileReference; explicitFileType = wrapper.application; includeInIndex = 0; path = simpleRPG2.app; sourceTree = BUILT_PRODUCTS_DIR; };
		8EB2A3141CBF5C190023D24C /* AppDelegate.swift */ = {isa = PBXFileReference; lastKnownFileType = sourcecode.swift; path = AppDelegate.swift; sourceTree = "<group>"; };
		8EB2A3161CBF5C190023D24C /* ViewController.swift */ = {isa = PBXFileReference; lastKnownFileType = sourcecode.swift; path = ViewController.swift; sourceTree = "<group>"; };
		8EB2A3191CBF5C190023D24C /* Base */ = {isa = PBXFileReference; lastKnownFileType = file.storyboard; name = Base; path = Base.lproj/Main.storyboard; sourceTree = "<group>"; };
		8EB2A31B1CBF5C190023D24C /* Assets.xcassets */ = {isa = PBXFileReference; lastKnownFileType = folder.assetcatalog; path = Assets.xcassets; sourceTree = "<group>"; };
		8EB2A31E1CBF5C190023D24C /* Base */ = {isa = PBXFileReference; lastKnownFileType = file.storyboard; name = Base; path = Base.lproj/LaunchScreen.storyboard; sourceTree = "<group>"; };
		8EB2A3201CBF5C190023D24C /* Info.plist */ = {isa = PBXFileReference; lastKnownFileType = text.plist.xml; path = Info.plist; sourceTree = "<group>"; };
		8EB2A3261CBF75EC0023D24C /* Player.swift */ = {isa = PBXFileReference; fileEncoding = 4; lastKnownFileType = sourcecode.swift; path = Player.swift; sourceTree = "<group>"; };
/* End PBXFileReference section */

/* Begin PBXFrameworksBuildPhase section */
		8EB2A30E1CBF5C190023D24C /* Frameworks */ = {
			isa = PBXFrameworksBuildPhase;
			buildActionMask = 2147483647;
			files = (
			);
			runOnlyForDeploymentPostprocessing = 0;
		};
/* End PBXFrameworksBuildPhase section */

/* Begin PBXGroup section */
		8EB2A3081CBF5C190023D24C = {
			isa = PBXGroup;
			children = (
				8EB2A3131CBF5C190023D24C /* simpleRPG2 */,
				8EB2A3121CBF5C190023D24C /* Products */,
			);
			sourceTree = "<group>";
		};
		8EB2A3121CBF5C190023D24C /* Products */ = {
			isa = PBXGroup;
			children = (
				8EB2A3111CBF5C190023D24C /* simpleRPG2.app */,
			);
			name = Products;
			sourceTree = "<group>";
		};
		8EB2A3131CBF5C190023D24C /* simpleRPG2 */ = {
			isa = PBXGroup;
			children = (
				8EB2A3141CBF5C190023D24C /* AppDelegate.swift */,
				8EB2A3161CBF5C190023D24C /* ViewController.swift */,
				8EB2A3261CBF75EC0023D24C /* Player.swift */,
				8EB2A3181CBF5C190023D24C /* Main.storyboard */,
				8EB2A31B1CBF5C190023D24C /* Assets.xcassets */,
				8EB2A31D1CBF5C190023D24C /* LaunchScreen.storyboard */,
				8EB2A3201CBF5C190023D24C /* Info.plist */,
			);
			path = simpleRPG2;
			sourceTree = "<group>";
		};
/* End PBXGroup section */

/* Begin PBXNativeTarget section */
		8EB2A3101CBF5C190023D24C /* simpleRPG2 */ = {
			isa = PBXNativeTarget;
			buildConfigurationList = 8EB2A3231CBF5C190023D24C /* Build configuration list for PBXNativeTarget "simpleRPG2" */;
			buildPhases = (
				8EB2A30D1CBF5C190023D24C /* Sources */,
				8EB2A30E1CBF5C190023D24C /* Frameworks */,
				8EB2A30F1CBF5C190023D24C /* Resources */,
			);
			buildRules = (
			);
			dependencies = (
			);
			name = simpleRPG2;
			productName = simpleRPG2;
			productReference = 8EB2A3111CBF5C190023D24C /* simpleRPG2.app */;
			productType = "com.apple.product-type.application";
		};
/* End PBXNativeTarget section */

/* Begin PBXProject section */
		8EB2A3091CBF5C190023D24C /* Project object */ = {
			isa = PBXProject;
			attributes = {
				LastSwiftUpdateCheck = 0730;
				LastUpgradeCheck = 0730;
				ORGANIZATIONNAME = "Lance Douglas";
				TargetAttributes = {
					8EB2A3101CBF5C190023D24C = {
						CreatedOnToolsVersion = 7.3;
					};
				};
			};
			buildConfigurationList = 8EB2A30C1CBF5C190023D24C /* Build configuration list for PBXProject "simpleRPG2" */;
			compatibilityVersion = "Xcode 3.2";
			developmentRegion = English;
			hasScannedForEncodings = 0;
			knownRegions = (
				en,
				Base,
			);
			mainGroup = 8EB2A3081CBF5C190023D24C;
			productRefGroup = 8EB2A3121CBF5C190023D24C /* Products */;
			projectDirPath = "";
			projectRoot = "";
			targets = (
				8EB2A3101CBF5C190023D24C /* simpleRPG2 */,
			);
		};
/* End PBXProject section */

/* Begin PBXResourcesBuildPhase section */
		8EB2A30F1CBF5C190023D24C /* Resources */ = {
			isa = PBXResourcesBuildPhase;
			buildActionMask = 2147483647;
			files = (
				8EB2A31F1CBF5C190023D24C /* LaunchScreen.storyboard in Resources */,
				8EB2A31C1CBF5C190023D24C /* Assets.xcassets in Resources */,
				8EB2A31A1CBF5C190023D24C /* Main.storyboard in Resources */,
			);
			runOnlyForDeploymentPostprocessing = 0;
		};
/* End PBXResourcesBuildPhase section */

/* Begin PBXSourcesBuildPhase section */
		8EB2A30D1CBF5C190023D24C /* Sources */ = {
			isa = PBXSourcesBuildPhase;
			buildActionMask = 2147483647;
			files = (
				8EB2A3171CBF5C190023D24C /* ViewController.swift in Sources */,
				8EB2A3271CBF75EC0023D24C /* Player.swift in Sources */,
				8EB2A3151CBF5C190023D24C /* AppDelegate.swift in Sources */,
			);
			runOnlyForDeploymentPostprocessing = 0;
		};
/* End PBXSourcesBuildPhase section */

/* Begin PBXVariantGroup section */
		8EB2A3181CBF5C190023D24C /* Main.storyboard */ = {
			isa = PBXVariantGroup;
			children = (
				8EB2A3191CBF5C190023D24C /* Base */,
			);
			name = Main.storyboard;
			sourceTree = "<group>";
		};
		8EB2A31D1CBF5C190023D24C /* LaunchScreen.storyboard */ = {
			isa = PBXVariantGroup;
			children = (
				8EB2A31E1CBF5C190023D24C /* Base */,
			);
			name = LaunchScreen.storyboard;
			sourceTree = "<group>";
		};
/* End PBXVariantGroup section */

/* Begin XCBuildConfiguration section */
		8EB2A3211CBF5C190023D24C /* Debug */ = {
			isa = XCBuildConfiguration;
			buildSettings = {
				ALWAYS_SEARCH_USER_PATHS = NO;
				CLANG_ANALYZER_NONNULL = YES;
				CLANG_CXX_LANGUAGE_STANDARD = "gnu++0x";
				CLANG_CXX_LIBRARY = "libc++";
				CLANG_ENABLE_MODULES = YES;
				CLANG_ENABLE_OBJC_ARC = YES;
				CLANG_WARN_BOOL_CONVERSION = YES;
				CLANG_WARN_CONSTANT_CONVERSION = YES;
				CLANG_WARN_DIRECT_OBJC_ISA_USAGE = YES_ERROR;
				CLANG_WARN_EMPTY_BODY = YES;
				CLANG_WARN_ENUM_CONVERSION = YES;
				CLANG_WARN_INT_CONVERSION = YES;
				CLANG_WARN_OBJC_ROOT_CLASS = YES_ERROR;
				CLANG_WARN_UNREACHABLE_CODE = YES;
				CLANG_WARN__DUPLICATE_METHOD_MATCH = YES;
				"CODE_SIGN_IDENTITY[sdk=iphoneos*]" = "iPhone Developer";
				COPY_PHASE_STRIP = NO;
				DEBUG_INFORMATION_FORMAT = dwarf;
				ENABLE_STRICT_OBJC_MSGSEND = YES;
				ENABLE_TESTABILITY = YES;
				GCC_C_LANGUAGE_STANDARD = gnu99;
				GCC_DYNAMIC_NO_PIC = NO;
				GCC_NO_COMMON_BLOCKS = YES;
				GCC_OPTIMIZATION_LEVEL = 0;
				GCC_PREPROCESSOR_DEFINITIONS = (
					"DEBUG=1",
					"$(inherited)",
				);
				GCC_WARN_64_TO_32_BIT_CONVERSION = YES;
				GCC_WARN_ABOUT_RETURN_TYPE = YES_ERROR;
				GCC_WARN_UNDECLARED_SELECTOR = YES;
				GCC_WARN_UNINITIALIZED_AUTOS = YES_AGGRESSIVE;
				GCC_WARN_UNUSED_FUNCTION = YES;
				GCC_WARN_UNUSED_VARIABLE = YES;
				IPHONEOS_DEPLOYMENT_TARGET = 9.3;
				MTL_ENABLE_DEBUG_INFO = YES;
				ONLY_ACTIVE_ARCH = YES;
				SDKROOT = iphoneos;
				SWIFT_OPTIMIZATION_LEVEL = "-Onone";
			};
			name = Debug;
		};
		8EB2A3221CBF5C190023D24C /* Release */ = {
			isa = XCBuildConfiguration;
			buildSettings = {
				ALWAYS_SEARCH_USER_PATHS = NO;
				CLANG_ANALYZER_NONNULL = YES;
				CLANG_CXX_LANGUAGE_STANDARD = "gnu++0x";
				CLANG_CXX_LIBRARY = "libc++";
				CLANG_ENABLE_MODULES = YES;
				CLANG_ENABLE_OBJC_ARC = YES;
				CLANG_WARN_BOOL_CONVERSION = YES;
				CLANG_WARN_CONSTANT_CONVERSION = YES;
				CLANG_WARN_DIRECT_OBJC_ISA_USAGE = YES_ERROR;
				CLANG_WARN_EMPTY_BODY = YES;
				CLANG_WARN_ENUM_CONVERSION = YES;
				CLANG_WARN_INT_CONVERSION = YES;
				CLANG_WARN_OBJC_ROOT_CLASS = YES_ERROR;
				CLANG_WARN_UNREACHABLE_CODE = YES;
				CLANG_WARN__DUPLICATE_METHOD_MATCH = YES;
				"CODE_SIGN_IDENTITY[sdk=iphoneos*]" = "iPhone Developer";
				COPY_PHASE_STRIP = NO;
				DEBUG_INFORMATION_FORMAT = "dwarf-with-dsym";
				ENABLE_NS_ASSERTIONS = NO;
				ENABLE_STRICT_OBJC_MSGSEND = YES;
				GCC_C_LANGUAGE_STANDARD = gnu99;
				GCC_NO_COMMON_BLOCKS = YES;
				GCC_WARN_64_TO_32_BIT_CONVERSION = YES;
				GCC_WARN_ABOUT_RETURN_TYPE = YES_ERROR;
				GCC_WARN_UNDECLARED_SELECTOR = YES;
				GCC_WARN_UNINITIALIZED_AUTOS = YES_AGGRESSIVE;
				GCC_WARN_UNUSED_FUNCTION = YES;
				GCC_WARN_UNUSED_VARIABLE = YES;
				IPHONEOS_DEPLOYMENT_TARGET = 9.3;
				MTL_ENABLE_DEBUG_INFO = NO;
				SDKROOT = iphoneos;
				VALIDATE_PRODUCT = YES;
			};
			name = Release;
		};
		8EB2A3241CBF5C190023D24C /* Debug */ = {
			isa = XCBuildConfiguration;
			buildSettings = {
				ASSETCATALOG_COMPILER_APPICON_NAME = AppIcon;
				INFOPLIST_FILE = simpleRPG2/Info.plist;
				LD_RUNPATH_SEARCH_PATHS = "$(inherited) @executable_path/Frameworks";
				PRODUCT_BUNDLE_IDENTIFIER = com.LanceDouglas.simpleRPG2;
				PRODUCT_NAME = "$(TARGET_NAME)";
			};
			name = Debug;
		};
		8EB2A3251CBF5C190023D24C /* Release */ = {
			isa = XCBuildConfiguration;
			buildSettings = {
				ASSETCATALOG_COMPILER_APPICON_NAME = AppIcon;
				INFOPLIST_FILE = simpleRPG2/Info.plist;
				LD_RUNPATH_SEARCH_PATHS = "$(inherited) @executable_path/Frameworks";
				PRODUCT_BUNDLE_IDENTIFIER = com.LanceDouglas.simpleRPG2;
				PRODUCT_NAME = "$(TARGET_NAME)";
			};
			name = Release;
		};
/* End XCBuildConfiguration section */

/* Begin XCConfigurationList section */
		8EB2A30C1CBF5C190023D24C /* Build configuration list for PBXProject "simpleRPG2" */ = {
			isa = XCConfigurationList;
			buildConfigurations = (
				8EB2A3211CBF5C190023D24C /* Debug */,
				8EB2A3221CBF5C190023D24C /* Release */,
			);
			defaultConfigurationIsVisible = 0;
			defaultConfigurationName = Release;
		};
		8EB2A3231CBF5C190023D24C /* Build configuration list for PBXNativeTarget "simpleRPG2" */ = {
			isa = XCConfigurationList;
			buildConfigurations = (
				8EB2A3241CBF5C190023D24C /* Debug */,
				8EB2A3251CBF5C190023D24C /* Release */,
			);
			defaultConfigurationIsVisible = 0;
			defaultConfigurationName = Release;
		};
/* End XCConfigurationList section */
	};
	rootObject = 8EB2A3091CBF5C190023D24C /* Project object */;
}
